
Microsoft Visual Studio Solution File, Format Version 12.00
Project("{2150E333-8FDC-42A3-9474-1A3956D46DE8}") = "BuildingBlocks", "BuildingBlocks", "{8903CF7E-FB56-4B77-870A-3721C18C5F09}"
EndProject
Project("{2150E333-8FDC-42A3-9474-1A3956D46DE8}") = "Services", "Services", "{3ED32613-6129-45C5-B5F4-5AB746010BBA}"
EndProject
Project("{FAE04EC0-301F-11D3-BF4B-00C04F79EFBC}") = "Service.Echo", "Service.Echo\Service.Echo.csproj", "{6B66A36F-441E-4083-9F55-395669AFA985}"
EndProject
Project("{2150E333-8FDC-42A3-9474-1A3956D46DE8}") = "Tests", "Tests", "{979E953E-8003-4940-A284-C8E3C5A93E78}"
EndProject
Project("{FAE04EC0-301F-11D3-BF4B-00C04F79EFBC}") = "UnitTests.Services", "UnitTests.Services\UnitTests.Services.csproj", "{E8529498-7612-4BB0-BE31-746B21B02C18}"
EndProject
Global
	GlobalSection(SolutionConfigurationPlatforms) = preSolution
		Debug|Any CPU = Debug|Any CPU
		Release|Any CPU = Release|Any CPU
	EndGlobalSection
	GlobalSection(NestedProjects) = preSolution
		{6B66A36F-441E-4083-9F55-395669AFA985} = {3ED32613-6129-45C5-B5F4-5AB746010BBA}
		{E8529498-7612-4BB0-BE31-746B21B02C18} = {979E953E-8003-4940-A284-C8E3C5A93E78}
	EndGlobalSection
	GlobalSection(ProjectConfigurationPlatforms) = postSolution
		{6B66A36F-441E-4083-9F55-395669AFA985}.Debug|Any CPU.ActiveCfg = Debug|Any CPU
		{6B66A36F-441E-4083-9F55-395669AFA985}.Debug|Any CPU.Build.0 = Debug|Any CPU
		{6B66A36F-441E-4083-9F55-395669AFA985}.Release|Any CPU.ActiveCfg = Release|Any CPU
		{6B66A36F-441E-4083-9F55-395669AFA985}.Release|Any CPU.Build.0 = Release|Any CPU
		{E8529498-7612-4BB0-BE31-746B21B02C18}.Debug|Any CPU.ActiveCfg = Debug|Any CPU
		{E8529498-7612-4BB0-BE31-746B21B02C18}.Debug|Any CPU.Build.0 = Debug|Any CPU
		{E8529498-7612-4BB0-BE31-746B21B02C18}.Release|Any CPU.ActiveCfg = Release|Any CPU
		{E8529498-7612-4BB0-BE31-746B21B02C18}.Release|Any CPU.Build.0 = Release|Any CPU
	EndGlobalSection
EndGlobal
